
Microsoft Visual Studio Solution File, Format Version 12.00
# Visual Studio Version 17
VisualStudioVersion = 17.14.36310.24
MinimumVisualStudioVersion = 10.0.40219.1
Project("{8BC9CEB8-8B4A-11D0-8D11-00A0C91BC942}") = "SerialPortAssistant", "SerialPortAssistant\SerialPortAssistant.vcxproj", "{34E9A702-82EC-439A-948D-BE9917C4C0CA}"
EndProject
Project("{8BC9CEB8-8B4A-11D0-8D11-00A0C91BC942}") = "MyNotebook", "MyNotebook\MyNotebook.vcxproj", "{027011DF-CCBB-43FB-8946-5DB298441E2D}"
EndProject
Global
	GlobalSection(SolutionConfigurationPlatforms) = preSolution
		Debug|x64 = Debug|x64
		Release|x64 = Release|x64
	EndGlobalSection
	GlobalSection(ProjectConfigurationPlatforms) = postSolution
		{34E9A702-82EC-439A-948D-BE9917C4C0CA}.Debug|x64.ActiveCfg = Debug|x64
		{34E9A702-82EC-439A-948D-BE9917C4C0CA}.Debug|x64.Build.0 = Debug|x64
		{34E9A702-82EC-439A-948D-BE9917C4C0CA}.Release|x64.ActiveCfg = Release|x64
		{34E9A702-82EC-439A-948D-BE9917C4C0CA}.Release|x64.Build.0 = Release|x64
		{027011DF-CCBB-43FB-8946-5DB298441E2D}.Debug|x64.ActiveCfg = Debug|x64
		{027011DF-CCBB-43FB-8946-5DB298441E2D}.Debug|x64.Build.0 = Debug|x64
		{027011DF-CCBB-43FB-8946-5DB298441E2D}.Release|x64.ActiveCfg = Release|x64
		{027011DF-CCBB-43FB-8946-5DB298441E2D}.Release|x64.Build.0 = Release|x64
	EndGlobalSection
	GlobalSection(SolutionProperties) = preSolution
		HideSolutionNode = FALSE
	EndGlobalSection
	GlobalSection(ExtensibilityGlobals) = postSolution
		SolutionGuid = {4158D5D3-D39A-45DE-B2AD-71654BB8D692}
	EndGlobalSection
EndGlobal
